{
  "name": "@patternfly/pfe-markdown",
  "version": "1.12.3",
  "lockfileVersion": 3,
  "requires": true,
  "packages": {
    "": {
      "name": "@patternfly/pfe-markdown",
      "version": "1.12.3",
      "license": "MIT",
      "dependencies": {
        "@patternfly/pfelement": "^1.12.3",
        "marked": "^2.0.1"
      },
      "devDependencies": {
        "@patternfly/pfe-sass": "^1.12.3"
      }
    },
    "node_modules/@patternfly/patternfly": {
      "version": "4.224.5",
      "resolved": "https://registry.npmjs.org/@patternfly/patternfly/-/patternfly-4.224.5.tgz",
      "integrity": "sha512-io0huj+LCP5FgDZJDaLv1snxktTYs8iCFz/W1VDRneYoebNHLmGfQdF7Yn8bS6PF7qmN6oJKEBlq3AjmmE8vdA==",
      "dev": true
    },
    "node_modules/@patternfly/pfe-sass": {
      "version": "1.12.3",
      "resolved": "https://registry.npmjs.org/@patternfly/pfe-sass/-/pfe-sass-1.12.3.tgz",
      "integrity": "sha512-muYDEp0sLtzsK2qQp5kXT9PIMG1OIMTMIwt3+xBD0EExYmHSoTN6oe9diZk3l6JGf8G+TBWhSlPCCpuq4s9YXg==",
      "dev": true,
      "dependencies": {
        "@patternfly/patternfly": "^4.23.3"
      }
    },
    "node_modules/@patternfly/pfelement": {
      "version": "1.12.3",
      "resolved": "https://registry.npmjs.org/@patternfly/pfelement/-/pfelement-1.12.3.tgz",
      "integrity": "sha512-qBkZZpr0WTJ+ZovianRmsq8ScGxUVJOQccrfE7KKtn8E2cLrVaWvLqQQi/jWqpB7z+vgvL/aP8xhz0TAYg3AjA=="
    },
    "node_modules/marked": {
      "version": "2.1.3",
      "resolved": "https://registry.npmjs.org/marked/-/marked-2.1.3.tgz",
      "integrity": "sha512-/Q+7MGzaETqifOMWYEA7HVMaZb4XbcRfaOzcSsHZEith83KGlvaSG33u0SKu89Mj5h+T8V2hM+8O45Qc5XTgwA==",
      "bin": {
        "marked": "bin/marked"
      },
      "engines": {
        "node": ">= 10"
      }
    }
  }
}
