{
  "name": "@cpelements/pfe-navigation",
  "version": "1.0.127",
  "lockfileVersion": 3,
  "requires": true,
  "packages": {
    "": {
      "name": "@cpelements/pfe-navigation",
      "version": "1.0.127",
      "license": "MIT",
      "dependencies": {
        "@patternfly/pfe-avatar": "1.12.3",
        "@patternfly/pfe-icon": "1.12.3",
        "@patternfly/pfelement": "1.12.3"
      }
    },
    "node_modules/@patternfly/pfe-avatar": {
      "version": "1.12.3",
      "resolved": "https://registry.npmjs.org/@patternfly/pfe-avatar/-/pfe-avatar-1.12.3.tgz",
      "integrity": "sha512-1mE+6x/KSPDSpn/2YxaiV9z/M2tmlLsn3bwoXJBx2rdTUVs97ikLSQsdNSrweFp5hWuD0/LrzkEOJqzIRb3nJA==",
      "dependencies": {
        "@patternfly/pfelement": "^1.12.3"
      }
    },
    "node_modules/@patternfly/pfe-icon": {
      "version": "1.12.3",
      "resolved": "https://registry.npmjs.org/@patternfly/pfe-icon/-/pfe-icon-1.12.3.tgz",
      "integrity": "sha512-FftlKGp+FmpfJUEKS6UXh9SvRuytzue/RYon5zw9Hp+g7FV7W2hxIsrAcFvm7xLdosyC6rUBtHRO8+6niVT4QQ==",
      "dependencies": {
        "@patternfly/pfelement": "^1.12.3"
      }
    },
    "node_modules/@patternfly/pfelement": {
      "version": "1.12.3",
      "resolved": "https://registry.npmjs.org/@patternfly/pfelement/-/pfelement-1.12.3.tgz",
      "integrity": "sha512-qBkZZpr0WTJ+ZovianRmsq8ScGxUVJOQccrfE7KKtn8E2cLrVaWvLqQQi/jWqpB7z+vgvL/aP8xhz0TAYg3AjA=="
    }
  }
}
