{
  "name": "@cpelements/rh-table",
  "version": "0.0.19",
  "lockfileVersion": 3,
  "requires": true,
  "packages": {
    "": {
      "name": "@cpelements/rh-table",
      "version": "0.0.19",
      "license": "MIT",
      "dependencies": {
        "@cpelements/cp-documentation": "^0.1.60",
        "@patternfly/pfe-autocomplete": "^1.9.3",
        "@patternfly/pfe-avatar": "^1.9.3",
        "@patternfly/pfe-button": "^1.9.3",
        "@patternfly/pfe-clipboard": "^1.11.2",
        "@patternfly/pfe-datetime": "^1.9.3",
        "@patternfly/pfe-icon": "^1.11.2",
        "@patternfly/pfe-markdown": "^1.9.3",
        "@patternfly/pfe-progress-indicator": "^1.9.3",
        "@patternfly/pfe-sass": "1.9.0",
        "@patternfly/pfelement": "1.10.1"
      }
    },
    "node_modules/@cpelements/cp-documentation": {
      "version": "0.1.62",
      "resolved": "https://registry.npmjs.org/@cpelements/cp-documentation/-/cp-documentation-0.1.62.tgz",
      "integrity": "sha512-2tn+Cqtdb8BPQl2b8inZJs/RF6nYE8MyPcKp5OJM0kqGL1mid2GdQzJIkAbgMLL/jqShFw+0G4lQ6FFhJtQB7g==",
      "deprecated": "No longer in use, and unmaintained",
      "dependencies": {
        "@patternfly/pfe-clipboard": "^1.12.2",
        "prismjs": "^1.25.0"
      }
    },
    "node_modules/@patternfly/patternfly": {
      "version": "4.224.5",
      "resolved": "https://registry.npmjs.org/@patternfly/patternfly/-/patternfly-4.224.5.tgz",
      "integrity": "sha512-io0huj+LCP5FgDZJDaLv1snxktTYs8iCFz/W1VDRneYoebNHLmGfQdF7Yn8bS6PF7qmN6oJKEBlq3AjmmE8vdA=="
    },
    "node_modules/@patternfly/pfe-autocomplete": {
      "version": "1.12.3",
      "resolved": "https://registry.npmjs.org/@patternfly/pfe-autocomplete/-/pfe-autocomplete-1.12.3.tgz",
      "integrity": "sha512-0u3Tnal1hMZut/Balo0G/zf/QA9Y4Bc10qvx8vz9YcW9uNyu1su0CYQUWCQlETQcXM8hkK+LvQaEYbbPdq5ECg==",
      "dependencies": {
        "@patternfly/pfelement": "^1.12.3"
      }
    },
    "node_modules/@patternfly/pfe-autocomplete/node_modules/@patternfly/pfelement": {
      "version": "1.12.3",
      "resolved": "https://registry.npmjs.org/@patternfly/pfelement/-/pfelement-1.12.3.tgz",
      "integrity": "sha512-qBkZZpr0WTJ+ZovianRmsq8ScGxUVJOQccrfE7KKtn8E2cLrVaWvLqQQi/jWqpB7z+vgvL/aP8xhz0TAYg3AjA=="
    },
    "node_modules/@patternfly/pfe-avatar": {
      "version": "1.12.3",
      "resolved": "https://registry.npmjs.org/@patternfly/pfe-avatar/-/pfe-avatar-1.12.3.tgz",
      "integrity": "sha512-1mE+6x/KSPDSpn/2YxaiV9z/M2tmlLsn3bwoXJBx2rdTUVs97ikLSQsdNSrweFp5hWuD0/LrzkEOJqzIRb3nJA==",
      "dependencies": {
        "@patternfly/pfelement": "^1.12.3"
      }
    },
    "node_modules/@patternfly/pfe-avatar/node_modules/@patternfly/pfelement": {
      "version": "1.12.3",
      "resolved": "https://registry.npmjs.org/@patternfly/pfelement/-/pfelement-1.12.3.tgz",
      "integrity": "sha512-qBkZZpr0WTJ+ZovianRmsq8ScGxUVJOQccrfE7KKtn8E2cLrVaWvLqQQi/jWqpB7z+vgvL/aP8xhz0TAYg3AjA=="
    },
    "node_modules/@patternfly/pfe-button": {
      "version": "1.12.3",
      "resolved": "https://registry.npmjs.org/@patternfly/pfe-button/-/pfe-button-1.12.3.tgz",
      "integrity": "sha512-UdwF2XDyBjfwnl5dQmFSpSuHzUb0DRAD5Wcq8S5NL2lVPN6zj5iOAyo1t2v+Uqq/SEAXrCPI0fD7hoSW18WE+Q==",
      "dependencies": {
        "@patternfly/pfelement": "^1.12.3"
      }
    },
    "node_modules/@patternfly/pfe-button/node_modules/@patternfly/pfelement": {
      "version": "1.12.3",
      "resolved": "https://registry.npmjs.org/@patternfly/pfelement/-/pfelement-1.12.3.tgz",
      "integrity": "sha512-qBkZZpr0WTJ+ZovianRmsq8ScGxUVJOQccrfE7KKtn8E2cLrVaWvLqQQi/jWqpB7z+vgvL/aP8xhz0TAYg3AjA=="
    },
    "node_modules/@patternfly/pfe-clipboard": {
      "version": "1.12.3",
      "resolved": "https://registry.npmjs.org/@patternfly/pfe-clipboard/-/pfe-clipboard-1.12.3.tgz",
      "integrity": "sha512-+OiSOwEVR/P9d8R7u9+NND1yrhuhF2sIka/8oBJlxWXf8ypNMDSoTDWB3bDraw9xKHL1GDCGHYGPwHxOmPWfvg==",
      "dependencies": {
        "@patternfly/pfelement": "^1.12.3"
      }
    },
    "node_modules/@patternfly/pfe-clipboard/node_modules/@patternfly/pfelement": {
      "version": "1.12.3",
      "resolved": "https://registry.npmjs.org/@patternfly/pfelement/-/pfelement-1.12.3.tgz",
      "integrity": "sha512-qBkZZpr0WTJ+ZovianRmsq8ScGxUVJOQccrfE7KKtn8E2cLrVaWvLqQQi/jWqpB7z+vgvL/aP8xhz0TAYg3AjA=="
    },
    "node_modules/@patternfly/pfe-datetime": {
      "version": "1.12.3",
      "resolved": "https://registry.npmjs.org/@patternfly/pfe-datetime/-/pfe-datetime-1.12.3.tgz",
      "integrity": "sha512-d7q/nW93NnGS+6gXGX0U9rpVzL8FBaM8EldKkfEqDAEqn33SrSPFH5ETkhpKrbOYVmNG4EXj1L7lSy2a1CiLzg==",
      "dependencies": {
        "@patternfly/pfelement": "^1.12.3"
      }
    },
    "node_modules/@patternfly/pfe-datetime/node_modules/@patternfly/pfelement": {
      "version": "1.12.3",
      "resolved": "https://registry.npmjs.org/@patternfly/pfelement/-/pfelement-1.12.3.tgz",
      "integrity": "sha512-qBkZZpr0WTJ+ZovianRmsq8ScGxUVJOQccrfE7KKtn8E2cLrVaWvLqQQi/jWqpB7z+vgvL/aP8xhz0TAYg3AjA=="
    },
    "node_modules/@patternfly/pfe-icon": {
      "version": "1.12.3",
      "resolved": "https://registry.npmjs.org/@patternfly/pfe-icon/-/pfe-icon-1.12.3.tgz",
      "integrity": "sha512-FftlKGp+FmpfJUEKS6UXh9SvRuytzue/RYon5zw9Hp+g7FV7W2hxIsrAcFvm7xLdosyC6rUBtHRO8+6niVT4QQ==",
      "dependencies": {
        "@patternfly/pfelement": "^1.12.3"
      }
    },
    "node_modules/@patternfly/pfe-icon/node_modules/@patternfly/pfelement": {
      "version": "1.12.3",
      "resolved": "https://registry.npmjs.org/@patternfly/pfelement/-/pfelement-1.12.3.tgz",
      "integrity": "sha512-qBkZZpr0WTJ+ZovianRmsq8ScGxUVJOQccrfE7KKtn8E2cLrVaWvLqQQi/jWqpB7z+vgvL/aP8xhz0TAYg3AjA=="
    },
    "node_modules/@patternfly/pfe-markdown": {
      "version": "1.12.3",
      "resolved": "https://registry.npmjs.org/@patternfly/pfe-markdown/-/pfe-markdown-1.12.3.tgz",
      "integrity": "sha512-g1tyBTWv7P2m8kwD6Wl+zrHZPK9+iVi/RNw150lg2fYv6DpBUEFeIggiivUz7IBch8ubW5Sx5l7xd86tRxbhuw==",
      "dependencies": {
        "@patternfly/pfelement": "^1.12.3",
        "marked": "^2.0.1"
      }
    },
    "node_modules/@patternfly/pfe-markdown/node_modules/@patternfly/pfelement": {
      "version": "1.12.3",
      "resolved": "https://registry.npmjs.org/@patternfly/pfelement/-/pfelement-1.12.3.tgz",
      "integrity": "sha512-qBkZZpr0WTJ+ZovianRmsq8ScGxUVJOQccrfE7KKtn8E2cLrVaWvLqQQi/jWqpB7z+vgvL/aP8xhz0TAYg3AjA=="
    },
    "node_modules/@patternfly/pfe-progress-indicator": {
      "version": "1.12.3",
      "resolved": "https://registry.npmjs.org/@patternfly/pfe-progress-indicator/-/pfe-progress-indicator-1.12.3.tgz",
      "integrity": "sha512-WebLGeuSGPcIN/1zY4W/FHJz7lfOQj2sSVYchupYVdfRwCoi3w4OR/GSxpUnl+cmymoNlr0YuzHyeVjkvMEelA==",
      "dependencies": {
        "@patternfly/pfelement": "^1.12.3"
      }
    },
    "node_modules/@patternfly/pfe-progress-indicator/node_modules/@patternfly/pfelement": {
      "version": "1.12.3",
      "resolved": "https://registry.npmjs.org/@patternfly/pfelement/-/pfelement-1.12.3.tgz",
      "integrity": "sha512-qBkZZpr0WTJ+ZovianRmsq8ScGxUVJOQccrfE7KKtn8E2cLrVaWvLqQQi/jWqpB7z+vgvL/aP8xhz0TAYg3AjA=="
    },
    "node_modules/@patternfly/pfe-sass": {
      "version": "1.9.0",
      "resolved": "https://registry.npmjs.org/@patternfly/pfe-sass/-/pfe-sass-1.9.0.tgz",
      "integrity": "sha512-YJmloI2mgTdRIh0/2oVgV3ghf5idoF6/2KoU1BB/1JOszWM6GrfNrktEwBZOpVFgWfqlSDbvFE8YIEMduxTs8Q==",
      "dependencies": {
        "@patternfly/patternfly": "^4.23.3"
      },
      "engines": {
        "node": ">=10 <13"
      }
    },
    "node_modules/@patternfly/pfelement": {
      "version": "1.10.1",
      "resolved": "https://registry.npmjs.org/@patternfly/pfelement/-/pfelement-1.10.1.tgz",
      "integrity": "sha512-5aNviWhTzMXtV1SiKq4FFJs/mGlvA5cgb94eSC09lz2w2XpULZpNXO5tTKTZHSqB7N7gaJ3LGHYwmpsIt9H2Ew==",
      "engines": {
        "node": ">=10 <13"
      }
    },
    "node_modules/marked": {
      "version": "2.1.3",
      "resolved": "https://registry.npmjs.org/marked/-/marked-2.1.3.tgz",
      "integrity": "sha512-/Q+7MGzaETqifOMWYEA7HVMaZb4XbcRfaOzcSsHZEith83KGlvaSG33u0SKu89Mj5h+T8V2hM+8O45Qc5XTgwA==",
      "bin": {
        "marked": "bin/marked"
      },
      "engines": {
        "node": ">= 10"
      }
    },
    "node_modules/prismjs": {
      "version": "1.29.0",
      "resolved": "https://registry.npmjs.org/prismjs/-/prismjs-1.29.0.tgz",
      "integrity": "sha512-Kx/1w86q/epKcmte75LNrEoT+lX8pBpavuAbvJWRXar7Hz8jrtF+e3vY751p0R8H9HdArwaCTNDDzHg/ScJK1Q==",
      "engines": {
        "node": ">=6"
      }
    }
  }
}
