{
  "name": "@patternfly/pfe-datetime",
  "version": "1.12.3",
  "lockfileVersion": 3,
  "requires": true,
  "packages": {
    "": {
      "name": "@patternfly/pfe-datetime",
      "version": "1.12.3",
      "license": "MIT",
      "dependencies": {
        "@patternfly/pfelement": "^1.12.3"
      }
    },
    "node_modules/@patternfly/pfelement": {
      "version": "1.12.3",
      "resolved": "https://registry.npmjs.org/@patternfly/pfelement/-/pfelement-1.12.3.tgz",
      "integrity": "sha512-qBkZZpr0WTJ+ZovianRmsq8ScGxUVJOQccrfE7KKtn8E2cLrVaWvLqQQi/jWqpB7z+vgvL/aP8xhz0TAYg3AjA=="
    }
  }
}
